
Microsoft Visual Studio Solution File, Format Version 12.00
# Visual Studio Version 17
VisualStudioVersion = 17.2.32616.157
MinimumVisualStudioVersion = 10.0.40219.1
Project("{FAE04EC0-301F-11D3-BF4B-00C04F79EFBC}") = "FilmesAPI", "FilmesAPI\FilmesAPI.csproj", "{33D82A83-1EA0-4422-8C94-F2591485FD67}"
EndProject
Global
	GlobalSection(SolutionConfigurationPlatforms) = preSolution
		Debug|Any CPU = Debug|Any CPU
		Release|Any CPU = Release|Any CPU
	EndGlobalSection
	GlobalSection(ProjectConfigurationPlatforms) = postSolution
		{33D82A83-1EA0-4422-8C94-F2591485FD67}.Debug|Any CPU.ActiveCfg = Debug|Any CPU
		{33D82A83-1EA0-4422-8C94-F2591485FD67}.Debug|Any CPU.Build.0 = Debug|Any CPU
		{33D82A83-1EA0-4422-8C94-F2591485FD67}.Release|Any CPU.ActiveCfg = Release|Any CPU
		{33D82A83-1EA0-4422-8C94-F2591485FD67}.Release|Any CPU.Build.0 = Release|Any CPU
	EndGlobalSection
	GlobalSection(SolutionProperties) = preSolution
		HideSolutionNode = FALSE
	EndGlobalSection
	GlobalSection(ExtensibilityGlobals) = postSolution
		SolutionGuid = {184050B9-802C-47C0-A881-AA7F48BA5B81}
	EndGlobalSection
EndGlobal
